
Microsoft Visual Studio Solution File, Format Version 12.00
# Visual Studio 15
VisualStudioVersion = 15.0.28010.2048
MinimumVisualStudioVersion = 10.0.40219.1
Project("{FAE04EC0-301F-11D3-BF4B-00C04F79EFBC}") = "FoodBack Web", "FoodBack Web\FoodBack Web.csproj", "{5354F9E6-0B8C-496F-A846-0413E40AB6A6}"
EndProject
Global
	GlobalSection(SolutionConfigurationPlatforms) = preSolution
		Debug|Any CPU = Debug|Any CPU
		Release|Any CPU = Release|Any CPU
	EndGlobalSection
	GlobalSection(ProjectConfigurationPlatforms) = postSolution
		{5354F9E6-0B8C-496F-A846-0413E40AB6A6}.Debug|Any CPU.ActiveCfg = Debug|Any CPU
		{5354F9E6-0B8C-496F-A846-0413E40AB6A6}.Debug|Any CPU.Build.0 = Debug|Any CPU
		{5354F9E6-0B8C-496F-A846-0413E40AB6A6}.Release|Any CPU.ActiveCfg = Release|Any CPU
		{5354F9E6-0B8C-496F-A846-0413E40AB6A6}.Release|Any CPU.Build.0 = Release|Any CPU
	EndGlobalSection
	GlobalSection(SolutionProperties) = preSolution
		HideSolutionNode = FALSE
	EndGlobalSection
	GlobalSection(ExtensibilityGlobals) = postSolution
		SolutionGuid = {20CBA776-8529-4E02-AEE4-DAE9C1C9C1B3}
	EndGlobalSection
EndGlobal
